{
  "name": "kuber-client",
  "version": "0.0.2",
  "lockfileVersion": 2,
  "requires": true,
  "packages": {
    "": {
      "name": "kuber-client",
      "version": "0.0.2",
      "license": "ISC",
      "dependencies": {
        "@emurgo/cardano-serialization-lib-asmjs": "11.1.0",
        "@types/node": "^18.11.5",
        "typescript": "^4.8.4"
      }
    },
    "node_modules/@emurgo/cardano-serialization-lib-asmjs": {
      "version": "11.1.0",
      "resolved": "https://registry.npmjs.org/@emurgo/cardano-serialization-lib-asmjs/-/cardano-serialization-lib-asmjs-11.1.0.tgz",
      "integrity": "sha512-wxF/Yle0HBCs19bDue+zpG8pRTP0iZk90TTNX3VfsAUmIRbP2GqheEN6Uwsd0kfCdwkRbOZCSEb7+QLJ6MOCPg=="
    },
    "node_modules/@types/node": {
      "version": "18.11.5",
      "resolved": "https://registry.npmjs.org/@types/node/-/node-18.11.5.tgz",
      "integrity": "sha512-3JRwhbjI+cHLAkUorhf8RnqUbFXajvzX4q6fMn5JwkgtuwfYtRQYI3u4V92vI6NJuTsbBQWWh3RZjFsuevyMGQ=="
    },
    "node_modules/typescript": {
      "version": "4.8.4",
      "resolved": "https://registry.npmjs.org/typescript/-/typescript-4.8.4.tgz",
      "integrity": "sha512-QCh+85mCy+h0IGff8r5XWzOVSbBO+KfeYrMQh7NJ58QujwcE22u+NUSmUxqF+un70P9GXKxa2HCNiTTMJknyjQ==",
      "bin": {
        "tsc": "bin/tsc",
        "tsserver": "bin/tsserver"
      },
      "engines": {
        "node": ">=4.2.0"
      }
    }
  },
  "dependencies": {
    "@emurgo/cardano-serialization-lib-asmjs": {
      "version": "11.1.0",
      "resolved": "https://registry.npmjs.org/@emurgo/cardano-serialization-lib-asmjs/-/cardano-serialization-lib-asmjs-11.1.0.tgz",
      "integrity": "sha512-wxF/Yle0HBCs19bDue+zpG8pRTP0iZk90TTNX3VfsAUmIRbP2GqheEN6Uwsd0kfCdwkRbOZCSEb7+QLJ6MOCPg=="
    },
    "@types/node": {
      "version": "18.11.5",
      "resolved": "https://registry.npmjs.org/@types/node/-/node-18.11.5.tgz",
      "integrity": "sha512-3JRwhbjI+cHLAkUorhf8RnqUbFXajvzX4q6fMn5JwkgtuwfYtRQYI3u4V92vI6NJuTsbBQWWh3RZjFsuevyMGQ=="
    },
    "typescript": {
      "version": "4.8.4",
      "resolved": "https://registry.npmjs.org/typescript/-/typescript-4.8.4.tgz",
      "integrity": "sha512-QCh+85mCy+h0IGff8r5XWzOVSbBO+KfeYrMQh7NJ58QujwcE22u+NUSmUxqF+un70P9GXKxa2HCNiTTMJknyjQ=="
    }
  }
}
